// !$*UTF8*$!
{
	archiveVersion = 1;
	classes = {
	};
	objectVersion = 46;
	objects = {

/* Begin PBXBuildFile section */
		141C4FE31ACB08960011F9FB /* OSCityShowViewController.m in Sources */ = {isa = PBXBuildFile; fileRef = 141C4FE11ACB08960011F9FB /* OSCityShowViewController.m */; };
		141C4FE41ACB08960011F9FB /* OSCityShowViewController.xib in Resources */ = {isa = PBXBuildFile; fileRef = 141C4FE21ACB08960011F9FB /* OSCityShowViewController.xib */; };
		145F5BD11AC1A39D00847754 /* main.m in Sources */ = {isa = PBXBuildFile; fileRef = 145F5BD01AC1A39D00847754 /* main.m */; };
		145F5BD41AC1A39D00847754 /* AppDelegate.m in Sources */ = {isa = PBXBuildFile; fileRef = 145F5BD31AC1A39D00847754 /* AppDelegate.m */; };
		145F5BD71AC1A39D00847754 /* oops.xcdatamodeld in Sources */ = {isa = PBXBuildFile; fileRef = 145F5BD51AC1A39D00847754 /* oops.xcdatamodeld */; };
		145F5BDF1AC1A39D00847754 /* Images.xcassets in Resources */ = {isa = PBXBuildFile; fileRef = 145F5BDE1AC1A39D00847754 /* Images.xcassets */; };
		145F5BE21AC1A39D00847754 /* LaunchScreen.xib in Resources */ = {isa = PBXBuildFile; fileRef = 145F5BE01AC1A39D00847754 /* LaunchScreen.xib */; };
		145F5BEE1AC1A39D00847754 /* oopsTests.m in Sources */ = {isa = PBXBuildFile; fileRef = 145F5BED1AC1A39D00847754 /* oopsTests.m */; };
		14DA33E61AD4189100776C74 /* fox.jpg in Resources */ = {isa = PBXBuildFile; fileRef = 14DA33E31AD4189100776C74 /* fox.jpg */; };
		14DA33E71AD4189100776C74 /* london.jpg in Resources */ = {isa = PBXBuildFile; fileRef = 14DA33E41AD4189100776C74 /* london.jpg */; };
		14DA33E81AD4189100776C74 /* san.jpg in Resources */ = {isa = PBXBuildFile; fileRef = 14DA33E51AD4189100776C74 /* san.jpg */; };
		14FD3F1C1AC2A65300067E12 /* OSRootViewController.m in Sources */ = {isa = PBXBuildFile; fileRef = 14FD3F1A1AC2A65300067E12 /* OSRootViewController.m */; };
		14FD3F1D1AC2A65300067E12 /* OSRootViewController.xib in Resources */ = {isa = PBXBuildFile; fileRef = 14FD3F1B1AC2A65300067E12 /* OSRootViewController.xib */; };
		14FDA97A1AC8478B007BB7D6 /* City.m in Sources */ = {isa = PBXBuildFile; fileRef = 14FDA9791AC8478B007BB7D6 /* City.m */; };
/* End PBXBuildFile section */

/* Begin PBXContainerItemProxy section */
		145F5BE81AC1A39D00847754 /* PBXContainerItemProxy */ = {
			isa = PBXContainerItemProxy;
			containerPortal = 145F5BC31AC1A39D00847754 /* Project object */;
			proxyType = 1;
			remoteGlobalIDString = 145F5BCA1AC1A39D00847754;
			remoteInfo = oops;
		};
/* End PBXContainerItemProxy section */

/* Begin PBXFileReference section */
		141C4FE01ACB08960011F9FB /* OSCityShowViewController.h */ = {isa = PBXFileReference; fileEncoding = 4; lastKnownFileType = sourcecode.c.h; path = OSCityShowViewController.h; sourceTree = "<group>"; };
		141C4FE11ACB08960011F9FB /* OSCityShowViewController.m */ = {isa = PBXFileReference; fileEncoding = 4; lastKnownFileType = sourcecode.c.objc; path = OSCityShowViewController.m; sourceTree = "<group>"; };
		141C4FE21ACB08960011F9FB /* OSCityShowViewController.xib */ = {isa = PBXFileReference; fileEncoding = 4; lastKnownFileType = file.xib; path = OSCityShowViewController.xib; sourceTree = "<group>"; };
		145F5BCB1AC1A39D00847754 /* oops.app */ = {isa = PBXFileReference; explicitFileType = wrapper.application; includeInIndex = 0; path = oops.app; sourceTree = BUILT_PRODUCTS_DIR; };
		145F5BCF1AC1A39D00847754 /* Info.plist */ = {isa = PBXFileReference; lastKnownFileType = text.plist.xml; path = Info.plist; sourceTree = "<group>"; };
		145F5BD01AC1A39D00847754 /* main.m */ = {isa = PBXFileReference; lastKnownFileType = sourcecode.c.objc; path = main.m; sourceTree = "<group>"; };
		145F5BD21AC1A39D00847754 /* AppDelegate.h */ = {isa = PBXFileReference; lastKnownFileType = sourcecode.c.h; path = AppDelegate.h; sourceTree = "<group>"; };
		145F5BD31AC1A39D00847754 /* AppDelegate.m */ = {isa = PBXFileReference; lastKnownFileType = sourcecode.c.objc; path = AppDelegate.m; sourceTree = "<group>"; };
		145F5BD61AC1A39D00847754 /* oops.xcdatamodel */ = {isa = PBXFileReference; lastKnownFileType = wrapper.xcdatamodel; path = oops.xcdatamodel; sourceTree = "<group>"; };
		145F5BDE1AC1A39D00847754 /* Images.xcassets */ = {isa = PBXFileReference; lastKnownFileType = folder.assetcatalog; path = Images.xcassets; sourceTree = "<group>"; };
		145F5BE11AC1A39D00847754 /* Base */ = {isa = PBXFileReference; lastKnownFileType = file.xib; name = Base; path = Base.lproj/LaunchScreen.xib; sourceTree = "<group>"; };
		145F5BE71AC1A39D00847754 /* oopsTests.xctest */ = {isa = PBXFileReference; explicitFileType = wrapper.cfbundle; includeInIndex = 0; path = oopsTests.xctest; sourceTree = BUILT_PRODUCTS_DIR; };
		145F5BEC1AC1A39D00847754 /* Info.plist */ = {isa = PBXFileReference; lastKnownFileType = text.plist.xml; path = Info.plist; sourceTree = "<group>"; };
		145F5BED1AC1A39D00847754 /* oopsTests.m */ = {isa = PBXFileReference; lastKnownFileType = sourcecode.c.objc; path = oopsTests.m; sourceTree = "<group>"; };
		14DA33E31AD4189100776C74 /* fox.jpg */ = {isa = PBXFileReference; lastKnownFileType = image.jpeg; path = fox.jpg; sourceTree = "<group>"; };
		14DA33E41AD4189100776C74 /* london.jpg */ = {isa = PBXFileReference; lastKnownFileType = image.jpeg; path = london.jpg; sourceTree = "<group>"; };
		14DA33E51AD4189100776C74 /* san.jpg */ = {isa = PBXFileReference; lastKnownFileType = image.jpeg; path = san.jpg; sourceTree = "<group>"; };
		14FD3F191AC2A65300067E12 /* OSRootViewController.h */ = {isa = PBXFileReference; fileEncoding = 4; lastKnownFileType = sourcecode.c.h; path = OSRootViewController.h; sourceTree = "<group>"; };
		14FD3F1A1AC2A65300067E12 /* OSRootViewController.m */ = {isa = PBXFileReference; fileEncoding = 4; lastKnownFileType = sourcecode.c.objc; path = OSRootViewController.m; sourceTree = "<group>"; };
		14FD3F1B1AC2A65300067E12 /* OSRootViewController.xib */ = {isa = PBXFileReference; fileEncoding = 4; lastKnownFileType = file.xib; path = OSRootViewController.xib; sourceTree = "<group>"; };
		14FDA9781AC8478B007BB7D6 /* City.h */ = {isa = PBXFileReference; fileEncoding = 4; lastKnownFileType = sourcecode.c.h; path = City.h; sourceTree = "<group>"; };
		14FDA9791AC8478B007BB7D6 /* City.m */ = {isa = PBXFileReference; fileEncoding = 4; lastKnownFileType = sourcecode.c.objc; path = City.m; sourceTree = "<group>"; };
/* End PBXFileReference section */

/* Begin PBXFrameworksBuildPhase section */
		145F5BC81AC1A39D00847754 /* Frameworks */ = {
			isa = PBXFrameworksBuildPhase;
			buildActionMask = 2147483647;
			files = (
			);
			runOnlyForDeploymentPostprocessing = 0;
		};
		145F5BE41AC1A39D00847754 /* Frameworks */ = {
			isa = PBXFrameworksBuildPhase;
			buildActionMask = 2147483647;
			files = (
			);
			runOnlyForDeploymentPostprocessing = 0;
		};
/* End PBXFrameworksBuildPhase section */

/* Begin PBXGroup section */
		145F5BC21AC1A39D00847754 = {
			isa = PBXGroup;
			children = (
				145F5BCD1AC1A39D00847754 /* oops */,
				145F5BEA1AC1A39D00847754 /* oopsTests */,
				145F5BCC1AC1A39D00847754 /* Products */,
			);
			sourceTree = "<group>";
		};
		145F5BCC1AC1A39D00847754 /* Products */ = {
			isa = PBXGroup;
			children = (
				145F5BCB1AC1A39D00847754 /* oops.app */,
				145F5BE71AC1A39D00847754 /* oopsTests.xctest */,
			);
			name = Products;
			sourceTree = "<group>";
		};
		145F5BCD1AC1A39D00847754 /* oops */ = {
			isa = PBXGroup;
			children = (
				14FDA9781AC8478B007BB7D6 /* City.h */,
				14FDA9791AC8478B007BB7D6 /* City.m */,
				14FD3F191AC2A65300067E12 /* OSRootViewController.h */,
				14FD3F1A1AC2A65300067E12 /* OSRootViewController.m */,
				141C4FE01ACB08960011F9FB /* OSCityShowViewController.h */,
				141C4FE11ACB08960011F9FB /* OSCityShowViewController.m */,
				141C4FE21ACB08960011F9FB /* OSCityShowViewController.xib */,
				14FD3F1B1AC2A65300067E12 /* OSRootViewController.xib */,
				145F5BD21AC1A39D00847754 /* AppDelegate.h */,
				145F5BD31AC1A39D00847754 /* AppDelegate.m */,
				145F5BDE1AC1A39D00847754 /* Images.xcassets */,
				145F5BE01AC1A39D00847754 /* LaunchScreen.xib */,
				145F5BD51AC1A39D00847754 /* oops.xcdatamodeld */,
				145F5BCE1AC1A39D00847754 /* Supporting Files */,
			);
			path = oops;
			sourceTree = "<group>";
		};
		145F5BCE1AC1A39D00847754 /* Supporting Files */ = {
			isa = PBXGroup;
			children = (
				14DA33E31AD4189100776C74 /* fox.jpg */,
				14DA33E41AD4189100776C74 /* london.jpg */,
				14DA33E51AD4189100776C74 /* san.jpg */,
				145F5BCF1AC1A39D00847754 /* Info.plist */,
				145F5BD01AC1A39D00847754 /* main.m */,
			);
			name = "Supporting Files";
			sourceTree = "<group>";
		};
		145F5BEA1AC1A39D00847754 /* oopsTests */ = {
			isa = PBXGroup;
			children = (
				145F5BED1AC1A39D00847754 /* oopsTests.m */,
				145F5BEB1AC1A39D00847754 /* Supporting Files */,
			);
			path = oopsTests;
			sourceTree = "<group>";
		};
		145F5BEB1AC1A39D00847754 /* Supporting Files */ = {
			isa = PBXGroup;
			children = (
				145F5BEC1AC1A39D00847754 /* Info.plist */,
			);
			name = "Supporting Files";
			sourceTree = "<group>";
		};
/* End PBXGroup section */

/* Begin PBXNativeTarget section */
		145F5BCA1AC1A39D00847754 /* oops */ = {
			isa = PBXNativeTarget;
			buildConfigurationList = 145F5BF11AC1A39D00847754 /* Build configuration list for PBXNativeTarget "oops" */;
			buildPhases = (
				145F5BC71AC1A39D00847754 /* Sources */,
				145F5BC81AC1A39D00847754 /* Frameworks */,
				145F5BC91AC1A39D00847754 /* Resources */,
			);
			buildRules = (
			);
			dependencies = (
			);
			name = oops;
			productName = oops;
			productReference = 145F5BCB1AC1A39D00847754 /* oops.app */;
			productType = "com.apple.product-type.application";
		};
		145F5BE61AC1A39D00847754 /* oopsTests */ = {
			isa = PBXNativeTarget;
			buildConfigurationList = 145F5BF41AC1A39D00847754 /* Build configuration list for PBXNativeTarget "oopsTests" */;
			buildPhases = (
				145F5BE31AC1A39D00847754 /* Sources */,
				145F5BE41AC1A39D00847754 /* Frameworks */,
				145F5BE51AC1A39D00847754 /* Resources */,
			);
			buildRules = (
			);
			dependencies = (
				145F5BE91AC1A39D00847754 /* PBXTargetDependency */,
			);
			name = oopsTests;
			productName = oopsTests;
			productReference = 145F5BE71AC1A39D00847754 /* oopsTests.xctest */;
			productType = "com.apple.product-type.bundle.unit-test";
		};
/* End PBXNativeTarget section */

/* Begin PBXProject section */
		145F5BC31AC1A39D00847754 /* Project object */ = {
			isa = PBXProject;
			attributes = {
				LastUpgradeCheck = 0610;
				ORGANIZATIONNAME = sean;
				TargetAttributes = {
					145F5BCA1AC1A39D00847754 = {
						CreatedOnToolsVersion = 6.1.1;
					};
					145F5BE61AC1A39D00847754 = {
						CreatedOnToolsVersion = 6.1.1;
						TestTargetID = 145F5BCA1AC1A39D00847754;
					};
				};
			};
			buildConfigurationList = 145F5BC61AC1A39D00847754 /* Build configuration list for PBXProject "oops" */;
			compatibilityVersion = "Xcode 3.2";
			developmentRegion = English;
			hasScannedForEncodings = 0;
			knownRegions = (
				en,
				Base,
			);
			mainGroup = 145F5BC21AC1A39D00847754;
			productRefGroup = 145F5BCC1AC1A39D00847754 /* Products */;
			projectDirPath = "";
			projectRoot = "";
			targets = (
				145F5BCA1AC1A39D00847754 /* oops */,
				145F5BE61AC1A39D00847754 /* oopsTests */,
			);
		};
/* End PBXProject section */

/* Begin PBXResourcesBuildPhase section */
		145F5BC91AC1A39D00847754 /* Resources */ = {
			isa = PBXResourcesBuildPhase;
			buildActionMask = 2147483647;
			files = (
				141C4FE41ACB08960011F9FB /* OSCityShowViewController.xib in Resources */,
				14DA33E71AD4189100776C74 /* london.jpg in Resources */,
				14DA33E61AD4189100776C74 /* fox.jpg in Resources */,
				14DA33E81AD4189100776C74 /* san.jpg in Resources */,
				14FD3F1D1AC2A65300067E12 /* OSRootViewController.xib in Resources */,
				145F5BE21AC1A39D00847754 /* LaunchScreen.xib in Resources */,
				145F5BDF1AC1A39D00847754 /* Images.xcassets in Resources */,
			);
			runOnlyForDeploymentPostprocessing = 0;
		};
		145F5BE51AC1A39D00847754 /* Resources */ = {
			isa = PBXResourcesBuildPhase;
			buildActionMask = 2147483647;
			files = (
			);
			runOnlyForDeploymentPostprocessing = 0;
		};
/* End PBXResourcesBuildPhase section */

/* Begin PBXSourcesBuildPhase section */
		145F5BC71AC1A39D00847754 /* Sources */ = {
			isa = PBXSourcesBuildPhase;
			buildActionMask = 2147483647;
			files = (
				14FDA97A1AC8478B007BB7D6 /* City.m in Sources */,
				145F5BD41AC1A39D00847754 /* AppDelegate.m in Sources */,
				141C4FE31ACB08960011F9FB /* OSCityShowViewController.m in Sources */,
				145F5BD71AC1A39D00847754 /* oops.xcdatamodeld in Sources */,
				14FD3F1C1AC2A65300067E12 /* OSRootViewController.m in Sources */,
				145F5BD11AC1A39D00847754 /* main.m in Sources */,
			);
			runOnlyForDeploymentPostprocessing = 0;
		};
		145F5BE31AC1A39D00847754 /* Sources */ = {
			isa = PBXSourcesBuildPhase;
			buildActionMask = 2147483647;
			files = (
				145F5BEE1AC1A39D00847754 /* oopsTests.m in Sources */,
			);
			runOnlyForDeploymentPostprocessing = 0;
		};
/* End PBXSourcesBuildPhase section */

/* Begin PBXTargetDependency section */
		145F5BE91AC1A39D00847754 /* PBXTargetDependency */ = {
			isa = PBXTargetDependency;
			target = 145F5BCA1AC1A39D00847754 /* oops */;
			targetProxy = 145F5BE81AC1A39D00847754 /* PBXContainerItemProxy */;
		};
/* End PBXTargetDependency section */

/* Begin PBXVariantGroup section */
		145F5BE01AC1A39D00847754 /* LaunchScreen.xib */ = {
			isa = PBXVariantGroup;
			children = (
				145F5BE11AC1A39D00847754 /* Base */,
			);
			name = LaunchScreen.xib;
			sourceTree = "<group>";
		};
/* End PBXVariantGroup section */

/* Begin XCBuildConfiguration section */
		145F5BEF1AC1A39D00847754 /* Debug */ = {
			isa = XCBuildConfiguration;
			buildSettings = {
				ALWAYS_SEARCH_USER_PATHS = NO;
				CLANG_CXX_LANGUAGE_STANDARD = "gnu++0x";
				CLANG_CXX_LIBRARY = "libc++";
				CLANG_ENABLE_MODULES = YES;
				CLANG_ENABLE_OBJC_ARC = YES;
				CLANG_WARN_BOOL_CONVERSION = YES;
				CLANG_WARN_CONSTANT_CONVERSION = YES;
				CLANG_WARN_DIRECT_OBJC_ISA_USAGE = YES_ERROR;
				CLANG_WARN_EMPTY_BODY = YES;
				CLANG_WARN_ENUM_CONVERSION = YES;
				CLANG_WARN_INT_CONVERSION = YES;
				CLANG_WARN_OBJC_ROOT_CLASS = YES_ERROR;
				CLANG_WARN_UNREACHABLE_CODE = YES;
				CLANG_WARN__DUPLICATE_METHOD_MATCH = YES;
				"CODE_SIGN_IDENTITY[sdk=iphoneos*]" = "iPhone Developer";
				COPY_PHASE_STRIP = NO;
				ENABLE_STRICT_OBJC_MSGSEND = YES;
				GCC_C_LANGUAGE_STANDARD = gnu99;
				GCC_DYNAMIC_NO_PIC = NO;
				GCC_OPTIMIZATION_LEVEL = 0;
				GCC_PREPROCESSOR_DEFINITIONS = (
					"DEBUG=1",
					"$(inherited)",
				);
				GCC_SYMBOLS_PRIVATE_EXTERN = NO;
				GCC_WARN_64_TO_32_BIT_CONVERSION = YES;
				GCC_WARN_ABOUT_RETURN_TYPE = YES_ERROR;
				GCC_WARN_UNDECLARED_SELECTOR = YES;
				GCC_WARN_UNINITIALIZED_AUTOS = YES_AGGRESSIVE;
				GCC_WARN_UNUSED_FUNCTION = YES;
				GCC_WARN_UNUSED_VARIABLE = YES;
				IPHONEOS_DEPLOYMENT_TARGET = 8.1;
				MTL_ENABLE_DEBUG_INFO = YES;
				ONLY_ACTIVE_ARCH = YES;
				SDKROOT = iphoneos;
			};
			name = Debug;
		};
		145F5BF01AC1A39D00847754 /* Release */ = {
			isa = XCBuildConfiguration;
			buildSettings = {
				ALWAYS_SEARCH_USER_PATHS = NO;
				CLANG_CXX_LANGUAGE_STANDARD = "gnu++0x";
				CLANG_CXX_LIBRARY = "libc++";
				CLANG_ENABLE_MODULES = YES;
				CLANG_ENABLE_OBJC_ARC = YES;
				CLANG_WARN_BOOL_CONVERSION = YES;
				CLANG_WARN_CONSTANT_CONVERSION = YES;
				CLANG_WARN_DIRECT_OBJC_ISA_USAGE = YES_ERROR;
				CLANG_WARN_EMPTY_BODY = YES;
				CLANG_WARN_ENUM_CONVERSION = YES;
				CLANG_WARN_INT_CONVERSION = YES;
				CLANG_WARN_OBJC_ROOT_CLASS = YES_ERROR;
				CLANG_WARN_UNREACHABLE_CODE = YES;
				CLANG_WARN__DUPLICATE_METHOD_MATCH = YES;
				"CODE_SIGN_IDENTITY[sdk=iphoneos*]" = "iPhone Developer";
				COPY_PHASE_STRIP = YES;
				ENABLE_NS_ASSERTIONS = NO;
				ENABLE_STRICT_OBJC_MSGSEND = YES;
				GCC_C_LANGUAGE_STANDARD = gnu99;
				GCC_WARN_64_TO_32_BIT_CONVERSION = YES;
				GCC_WARN_ABOUT_RETURN_TYPE = YES_ERROR;
				GCC_WARN_UNDECLARED_SELECTOR = YES;
				GCC_WARN_UNINITIALIZED_AUTOS = YES_AGGRESSIVE;
				GCC_WARN_UNUSED_FUNCTION = YES;
				GCC_WARN_UNUSED_VARIABLE = YES;
				IPHONEOS_DEPLOYMENT_TARGET = 8.1;
				MTL_ENABLE_DEBUG_INFO = NO;
				SDKROOT = iphoneos;
				VALIDATE_PRODUCT = YES;
			};
			name = Release;
		};
		145F5BF21AC1A39D00847754 /* Debug */ = {
			isa = XCBuildConfiguration;
			buildSettings = {
				ASSETCATALOG_COMPILER_APPICON_NAME = AppIcon;
				INFOPLIST_FILE = oops/Info.plist;
				LD_RUNPATH_SEARCH_PATHS = "$(inherited) @executable_path/Frameworks";
				PRODUCT_NAME = "$(TARGET_NAME)";
			};
			name = Debug;
		};
		145F5BF31AC1A39D00847754 /* Release */ = {
			isa = XCBuildConfiguration;
			buildSettings = {
				ASSETCATALOG_COMPILER_APPICON_NAME = AppIcon;
				INFOPLIST_FILE = oops/Info.plist;
				LD_RUNPATH_SEARCH_PATHS = "$(inherited) @executable_path/Frameworks";
				PRODUCT_NAME = "$(TARGET_NAME)";
			};
			name = Release;
		};
		145F5BF51AC1A39D00847754 /* Debug */ = {
			isa = XCBuildConfiguration;
			buildSettings = {
				BUNDLE_LOADER = "$(TEST_HOST)";
				FRAMEWORK_SEARCH_PATHS = (
					"$(SDKROOT)/Developer/Library/Frameworks",
					"$(inherited)",
				);
				GCC_PREPROCESSOR_DEFINITIONS = (
					"DEBUG=1",
					"$(inherited)",
				);
				INFOPLIST_FILE = oopsTests/Info.plist;
				LD_RUNPATH_SEARCH_PATHS = "$(inherited) @executable_path/Frameworks @loader_path/Frameworks";
				PRODUCT_NAME = "$(TARGET_NAME)";
				TEST_HOST = "$(BUILT_PRODUCTS_DIR)/oops.app/oops";
			};
			name = Debug;
		};
		145F5BF61AC1A39D00847754 /* Release */ = {
			isa = XCBuildConfiguration;
			buildSettings = {
				BUNDLE_LOADER = "$(TEST_HOST)";
				FRAMEWORK_SEARCH_PATHS = (
					"$(SDKROOT)/Developer/Library/Frameworks",
					"$(inherited)",
				);
				INFOPLIST_FILE = oopsTests/Info.plist;
				LD_RUNPATH_SEARCH_PATHS = "$(inherited) @executable_path/Frameworks @loader_path/Frameworks";
				PRODUCT_NAME = "$(TARGET_NAME)";
				TEST_HOST = "$(BUILT_PRODUCTS_DIR)/oops.app/oops";
			};
			name = Release;
		};
/* End XCBuildConfiguration section */

/* Begin XCConfigurationList section */
		145F5BC61AC1A39D00847754 /* Build configuration list for PBXProject "oops" */ = {
			isa = XCConfigurationList;
			buildConfigurations = (
				145F5BEF1AC1A39D00847754 /* Debug */,
				145F5BF01AC1A39D00847754 /* Release */,
			);
			defaultConfigurationIsVisible = 0;
			defaultConfigurationName = Release;
		};
		145F5BF11AC1A39D00847754 /* Build configuration list for PBXNativeTarget "oops" */ = {
			isa = XCConfigurationList;
			buildConfigurations = (
				145F5BF21AC1A39D00847754 /* Debug */,
				145F5BF31AC1A39D00847754 /* Release */,
			);
			defaultConfigurationIsVisible = 0;
			defaultConfigurationName = Release;
		};
		145F5BF41AC1A39D00847754 /* Build configuration list for PBXNativeTarget "oopsTests" */ = {
			isa = XCConfigurationList;
			buildConfigurations = (
				145F5BF51AC1A39D00847754 /* Debug */,
				145F5BF61AC1A39D00847754 /* Release */,
			);
			defaultConfigurationIsVisible = 0;
			defaultConfigurationName = Release;
		};
/* End XCConfigurationList section */

/* Begin XCVersionGroup section */
		145F5BD51AC1A39D00847754 /* oops.xcdatamodeld */ = {
			isa = XCVersionGroup;
			children = (
				145F5BD61AC1A39D00847754 /* oops.xcdatamodel */,
			);
			currentVersion = 145F5BD61AC1A39D00847754 /* oops.xcdatamodel */;
			path = oops.xcdatamodeld;
			sourceTree = "<group>";
			versionGroupType = wrapper.xcdatamodel;
		};
/* End XCVersionGroup section */
	};
	rootObject = 145F5BC31AC1A39D00847754 /* Project object */;
}
